{
  "version": 4,
  "terraform_version": "0.15.4",
  "serial": 6,
  "lineage": "28d70a2c-3197-0049-b1b3-92b44d92ef10",
  "outputs": {
    "instance_id": {
      "value": "i-06599baa68ec78c70",
      "type": "string"
    },
    "instance_public_ip": {
      "value": "34.213.216.1",
      "type": "string"
    }
  },
  "resources": [
    {
      "mode": "managed",
      "type": "aws_iam_policy",
      "name": "replication1",
      "provider": "provider[\"registry.terraform.io/hashicorp/aws\"]",
      "instances": [
        {
          "schema_version": 0,
          "attributes": {
            "arn": "arn:aws:iam::208171282470:policy/tf-iam-role-policy-replication-123456",
            "description": "",
            "id": "arn:aws:iam::208171282470:policy/tf-iam-role-policy-replication-123456",
            "name": "tf-iam-role-policy-replication-123456",
            "name_prefix": null,
            "path": "/",
            "policy": "{\n  \"Version\": \"2012-10-17\",\n  \"Statement\": [\n    \n     {\n            \"Effect\": \"Allow\",\n            \"Action\": \"s3:*\",\n            \"Resource\": [\n                \"arn:aws:s3:::shivani-first-bucket1\",\n                \"arn:aws:s3:::shivani-first-bucket1/*\"\n            ]\n        },\n        {\n            \"Effect\": \"Deny\",\n            \"NotAction\": \"s3:*\",\n            \"NotResource\": [\n                \"arn:aws:s3:::shivani-first-bucket1\",\n                \"arn:aws:s3:::shivani-first-bucket1/*\"\n            ]\n        }\n  ]\n}\n",
            "policy_id": "ANPATA57ZWATJEAHCD7CD",
            "tags": null,
            "tags_all": {}
          },
          "sensitive_attributes": [],
          "private": "bnVsbA=="
        }
      ]
    },
    {
      "mode": "managed",
      "type": "aws_iam_role",
      "name": "test_role_main",
      "provider": "provider[\"registry.terraform.io/hashicorp/aws\"]",
      "instances": [
        {
          "schema_version": 0,
          "attributes": {
            "arn": "arn:aws:iam::208171282470:role/test_role_main",
            "assume_role_policy": "{\"Version\":\"2012-10-17\",\"Statement\":[{\"Sid\":\"ListObjectsInBucket\",\"Effect\":\"Allow\",\"Principal\":{\"Service\":\"s3.amazonaws.com\"},\"Action\":\"sts:AssumeRole\"}]}",
            "create_date": "2021-05-30T05:50:24Z",
            "description": "",
            "force_detach_policies": false,
            "id": "test_role_main",
            "inline_policy": [
              {
                "name": "",
                "policy": ""
              }
            ],
            "managed_policy_arns": [],
            "max_session_duration": 3600,
            "name": "test_role_main",
            "name_prefix": null,
            "path": "/",
            "permissions_boundary": null,
            "tags": {
              "tag-key": "tag-value"
            },
            "tags_all": {
              "tag-key": "tag-value"
            },
            "unique_id": "AROATA57ZWATKZV55IMAK"
          },
          "sensitive_attributes": [],
          "private": "bnVsbA=="
        }
      ]
    },
    {
      "mode": "managed",
      "type": "aws_instance",
      "name": "app_server",
      "provider": "provider[\"registry.terraform.io/hashicorp/aws\"]",
      "instances": [
        {
          "schema_version": 1,
          "attributes": {
            "ami": "ami-830c94e3",
            "arn": "arn:aws:ec2:us-west-2:208171282470:instance/i-06599baa68ec78c70",
            "associate_public_ip_address": true,
            "availability_zone": "us-west-2b",
            "capacity_reservation_specification": [
              {
                "capacity_reservation_preference": "open",
                "capacity_reservation_target": []
              }
            ],
            "cpu_core_count": 1,
            "cpu_threads_per_core": 1,
            "credit_specification": [
              {
                "cpu_credits": "standard"
              }
            ],
            "disable_api_termination": false,
            "ebs_block_device": [],
            "ebs_optimized": false,
            "enclave_options": [
              {
                "enabled": false
              }
            ],
            "ephemeral_block_device": [],
            "get_password_data": false,
            "hibernation": false,
            "host_id": null,
            "iam_instance_profile": "",
            "id": "i-06599baa68ec78c70",
            "instance_initiated_shutdown_behavior": "stop",
            "instance_state": "running",
            "instance_type": "t2.micro",
            "ipv6_address_count": 0,
            "ipv6_addresses": [],
            "key_name": "",
            "metadata_options": [
              {
                "http_endpoint": "enabled",
                "http_put_response_hop_limit": 1,
                "http_tokens": "optional"
              }
            ],
            "monitoring": false,
            "network_interface": [],
            "outpost_arn": "",
            "password_data": "",
            "placement_group": "",
            "primary_network_interface_id": "eni-0d6a3fd6bfda2b831",
            "private_dns": "ip-172-31-30-140.us-west-2.compute.internal",
            "private_ip": "172.31.30.140",
            "public_dns": "ec2-34-213-216-1.us-west-2.compute.amazonaws.com",
            "public_ip": "34.213.216.1",
            "root_block_device": [
              {
                "delete_on_termination": true,
                "device_name": "/dev/sda1",
                "encrypted": false,
                "iops": 0,
                "kms_key_id": "",
                "tags": {},
                "throughput": 0,
                "volume_id": "vol-03738d040c25d095e",
                "volume_size": 8,
                "volume_type": "standard"
              }
            ],
            "secondary_private_ips": [],
            "security_groups": [
              "default"
            ],
            "source_dest_check": true,
            "subnet_id": "subnet-4a9c1f32",
            "tags": {
              "Name": "TerraformInstance"
            },
            "tags_all": {
              "Name": "TerraformInstance"
            },
            "tenancy": "default",
            "timeouts": null,
            "user_data": null,
            "user_data_base64": null,
            "volume_tags": null,
            "vpc_security_group_ids": [
              "sg-b9eb7889"
            ]
          },
          "sensitive_attributes": [],
          "private": "eyJlMmJmYjczMC1lY2FhLTExZTYtOGY4OC0zNDM2M2JjN2M0YzAiOnsiY3JlYXRlIjo2MDAwMDAwMDAwMDAsImRlbGV0ZSI6MTIwMDAwMDAwMDAwMCwidXBkYXRlIjo2MDAwMDAwMDAwMDB9LCJzY2hlbWFfdmVyc2lvbiI6IjEifQ=="
        }
      ]
    },
    {
      "mode": "managed",
      "type": "aws_key_pair",
      "name": "devkey",
      "provider": "provider[\"registry.terraform.io/hashicorp/aws\"]",
      "instances": [
        {
          "schema_version": 1,
          "attributes": {
            "arn": "arn:aws:ec2:us-west-2:208171282470:key-pair/devkey",
            "fingerprint": "4f:8a:52:89:d4:33:14:50:88:64:bb:80:fe:a6:ff:0a",
            "id": "devkey",
            "key_name": "devkey",
            "key_name_prefix": null,
            "key_pair_id": "key-07da7b3263fffa72c",
            "public_key": "ssh-rsa AAAAB3NzaC1yc2EAAAADAQABAAABgQDE6yazq8+RLfkow50gM9NmmpIK9/zBupPATYuH1eqyxG+FdJo29/iNlFoGb/qUnYpmKBtYjY615kXvIUTDb/wMlbF7Xdwg5keie6CWc2WOoZUhtHXOULvwIhC184ZkAzx5LY4WD1Q57SQL40V+Tf0c8CId1VoLL229SveRXm+4UlHOJ26PfZtnC7pUUAqvRQi3Dtt8Tt8HIePzSCuvmRe6MM02udSxOaDP1K0JyRjiHgyjtNi9TbEm+Efhm9GvarWcToRwcwGm9DFFlanxCUmELIs0Fpb5EnGGI1Mz6mLRmTtWOemIateBtsL9HgfNVudC3osqw8opXc9hy6B8gjMUlQBV5ylwmUYvdJg+lzGInUrK1b14fM5I/jXZnaC/XiUy2M2P8hw0AnodToaT8/R3G6ybeVidFd1Ol+xSe1af1eu1X+UYM4ZQxFIuhao+wQROE5WfLQVCNUbF9fLX4H5yBPo6kDB16lw7Zv1sefEowkzi0fw632FTnFEu208vKwM= knoldus@knoldus-Vostro-15-3568",
            "tags": null,
            "tags_all": {}
          },
          "sensitive_attributes": [],
          "private": "eyJzY2hlbWFfdmVyc2lvbiI6IjEifQ=="
        }
      ]
    },
    {
      "mode": "managed",
      "type": "aws_s3_bucket",
      "name": "test",
      "provider": "provider[\"registry.terraform.io/hashicorp/aws\"]",
      "instances": [
        {
          "schema_version": 0,
          "attributes": {
            "acceleration_status": "",
            "acl": "private",
            "arn": "arn:aws:s3:::shivani-first-bucket1",
            "bucket": "shivani-first-bucket1",
            "bucket_domain_name": "shivani-first-bucket1.s3.amazonaws.com",
            "bucket_prefix": null,
            "bucket_regional_domain_name": "shivani-first-bucket1.s3.us-west-2.amazonaws.com",
            "cors_rule": [],
            "force_destroy": false,
            "grant": [],
            "hosted_zone_id": "Z3BJ6K6RIION7M",
            "id": "shivani-first-bucket1",
            "lifecycle_rule": [],
            "logging": [],
            "object_lock_configuration": [],
            "policy": null,
            "region": "us-west-2",
            "replication_configuration": [],
            "request_payer": "BucketOwner",
            "server_side_encryption_configuration": [],
            "tags": null,
            "tags_all": {},
            "versioning": [
              {
                "enabled": false,
                "mfa_delete": false
              }
            ],
            "website": [],
            "website_domain": null,
            "website_endpoint": null
          },
          "sensitive_attributes": [],
          "private": "bnVsbA=="
        }
      ]
    }
  ]
}
